
Microsoft Visual Studio Solution File, Format Version 12.00
# Visual Studio Version 17
VisualStudioVersion = 17.7.34031.279
MinimumVisualStudioVersion = 10.0.40219.1
Project("{FAE04EC0-301F-11D3-BF4B-00C04F79EFBC}") = "MathGame", "MathGame\MathGame.csproj", "{D5AB7A4E-49B4-40DE-998F-2CF2E95F515E}"
EndProject
Global
	GlobalSection(SolutionConfigurationPlatforms) = preSolution
		Debug|Any CPU = Debug|Any CPU
		Release|Any CPU = Release|Any CPU
	EndGlobalSection
	GlobalSection(ProjectConfigurationPlatforms) = postSolution
		{D5AB7A4E-49B4-40DE-998F-2CF2E95F515E}.Debug|Any CPU.ActiveCfg = Debug|Any CPU
		{D5AB7A4E-49B4-40DE-998F-2CF2E95F515E}.Debug|Any CPU.Build.0 = Debug|Any CPU
		{D5AB7A4E-49B4-40DE-998F-2CF2E95F515E}.Release|Any CPU.ActiveCfg = Release|Any CPU
		{D5AB7A4E-49B4-40DE-998F-2CF2E95F515E}.Release|Any CPU.Build.0 = Release|Any CPU
	EndGlobalSection
	GlobalSection(SolutionProperties) = preSolution
		HideSolutionNode = FALSE
	EndGlobalSection
	GlobalSection(ExtensibilityGlobals) = postSolution
		SolutionGuid = {7DF7537A-81B3-4DF1-9B7A-61664A9609EB}
	EndGlobalSection
EndGlobal
